
Microsoft Visual Studio Solution File, Format Version 12.00
# Visual Studio Version 16
VisualStudioVersion = 16.0.29709.97
MinimumVisualStudioVersion = 10.0.40219.1
Project("{FAE04EC0-301F-11D3-BF4B-00C04F79EFBC}") = "gr", "gr.csproj", "{76690A6E-4298-4BB5-83E4-4FED1138BDE3}"
EndProject
Global
	GlobalSection(SolutionConfigurationPlatforms) = preSolution
		Debug|Any CPU = Debug|Any CPU
		Release|Any CPU = Release|Any CPU
	EndGlobalSection
	GlobalSection(ProjectConfigurationPlatforms) = postSolution
		{76690A6E-4298-4BB5-83E4-4FED1138BDE3}.Debug|Any CPU.ActiveCfg = Debug|Any CPU
		{76690A6E-4298-4BB5-83E4-4FED1138BDE3}.Debug|Any CPU.Build.0 = Debug|Any CPU
		{76690A6E-4298-4BB5-83E4-4FED1138BDE3}.Release|Any CPU.ActiveCfg = Release|Any CPU
		{76690A6E-4298-4BB5-83E4-4FED1138BDE3}.Release|Any CPU.Build.0 = Release|Any CPU
	EndGlobalSection
	GlobalSection(SolutionProperties) = preSolution
		HideSolutionNode = FALSE
	EndGlobalSection
	GlobalSection(ExtensibilityGlobals) = postSolution
		SolutionGuid = {57A1527E-B147-4AE0-B187-8DF847F94B83}
	EndGlobalSection
EndGlobal
